
Microsoft Visual Studio Solution File, Format Version 12.00
# Visual Studio Version 17
VisualStudioVersion = 17.9.34616.47
MinimumVisualStudioVersion = 10.0.40219.1
Project("{FAE04EC0-301F-11D3-BF4B-00C04F79EFBC}") = "HomeworkHub", "HomeworkHub\HomeworkHub.csproj", "{C60F861A-6793-4159-89D9-B508B94225DB}"
EndProject
Global
	GlobalSection(SolutionConfigurationPlatforms) = preSolution
		Debug|Any CPU = Debug|Any CPU
		Release|Any CPU = Release|Any CPU
	EndGlobalSection
	GlobalSection(ProjectConfigurationPlatforms) = postSolution
		{C60F861A-6793-4159-89D9-B508B94225DB}.Debug|Any CPU.ActiveCfg = Debug|Any CPU
		{C60F861A-6793-4159-89D9-B508B94225DB}.Debug|Any CPU.Build.0 = Debug|Any CPU
		{C60F861A-6793-4159-89D9-B508B94225DB}.Release|Any CPU.ActiveCfg = Release|Any CPU
		{C60F861A-6793-4159-89D9-B508B94225DB}.Release|Any CPU.Build.0 = Release|Any CPU
	EndGlobalSection
	GlobalSection(SolutionProperties) = preSolution
		HideSolutionNode = FALSE
	EndGlobalSection
	GlobalSection(ExtensibilityGlobals) = postSolution
		SolutionGuid = {2ADD27F1-21E8-4980-A0E1-627BE0615A5C}
	EndGlobalSection
EndGlobal
